// !$*UTF8*$!
{
	archiveVersion = 1;
	classes = {
	};
	objectVersion = 46;
	objects = {

/* Begin PBXBuildFile section */
		3306C08C372967856ED3BB33 /* CloseTests.swift in Sources */ = {isa = PBXBuildFile; fileRef = 3306C5481565F07B30DC376E /* CloseTests.swift */; };
		3306C35D562DD7745E256086 /* XdrWriter.swift in Sources */ = {isa = PBXBuildFile; fileRef = 3306C0DB1C34157F0AD1EC92 /* XdrWriter.swift */; };
		3306CA968FF588FC19034469 /* Close.swift in Sources */ = {isa = PBXBuildFile; fileRef = 3306C243AA523A9A3F0DCF62 /* Close.swift */; };
		3306CC2511FC88C40CEB859A /* XdrWriterTests.swift in Sources */ = {isa = PBXBuildFile; fileRef = 3306C4008C43A3F9EAE8625E /* XdrWriterTests.swift */; };
		3306CE9C21FEDA043C39B254 /* Utf8.swift in Sources */ = {isa = PBXBuildFile; fileRef = 3306CB2C0EFF095B40F152D3 /* Utf8.swift */; };
		4D1B316F19DC7E080003ED3C /* PingTests.swift in Sources */ = {isa = PBXBuildFile; fileRef = 4D1B316E19DC7E080003ED3C /* PingTests.swift */; };
		4D1B317119DC7F180003ED3C /* Ping.swift in Sources */ = {isa = PBXBuildFile; fileRef = 4D1B317019DC7F180003ED3C /* Ping.swift */; };
		4D1B317319DC85430003ED3C /* PongTests.swift in Sources */ = {isa = PBXBuildFile; fileRef = 4D1B317219DC85430003ED3C /* PongTests.swift */; };
		4D1B317519DC85840003ED3C /* Pong.swift in Sources */ = {isa = PBXBuildFile; fileRef = 4D1B317419DC85840003ED3C /* Pong.swift */; };
		4D321DAB19A52620006971D7 /* LICENSE in Resources */ = {isa = PBXBuildFile; fileRef = 4D321D8D19A52620006971D7 /* LICENSE */; };
		4D321DAC19A52620006971D7 /* lz4.c in Sources */ = {isa = PBXBuildFile; fileRef = 4D321D8E19A52620006971D7 /* lz4.c */; settings = {COMPILER_FLAGS = "-w"; }; };
		4D321DAD19A52620006971D7 /* lz4.h in Headers */ = {isa = PBXBuildFile; fileRef = 4D321D8F19A52620006971D7 /* lz4.h */; };
		4D321DB019A52620006971D7 /* lz4hc.c in Sources */ = {isa = PBXBuildFile; fileRef = 4D321D9219A52620006971D7 /* lz4hc.c */; };
		4D321DB119A52620006971D7 /* lz4hc.h in Headers */ = {isa = PBXBuildFile; fileRef = 4D321D9319A52620006971D7 /* lz4hc.h */; };
		4D321DC719A52F99006971D7 /* LZ4Compression.swift in Sources */ = {isa = PBXBuildFile; fileRef = 4D321DC619A52F99006971D7 /* LZ4Compression.swift */; };
		4D321DC919A61E86006971D7 /* LZ4CompressionTests.swift in Sources */ = {isa = PBXBuildFile; fileRef = 4D321DC819A61E86006971D7 /* LZ4CompressionTests.swift */; };
		4DDBE78919A48FBB007EF37E /* syncthing-swift.h in Headers */ = {isa = PBXBuildFile; fileRef = 4DDBE78819A48FBB007EF37E /* syncthing-swift.h */; settings = {ATTRIBUTES = (Public, ); }; };
		4DDBE79D19A497C8007EF37E /* MessageTests.swift in Sources */ = {isa = PBXBuildFile; fileRef = 4DDBE79C19A497C8007EF37E /* MessageTests.swift */; };
		4DDBE79F19A49906007EF37E /* Message.swift in Sources */ = {isa = PBXBuildFile; fileRef = 4DDBE79E19A49906007EF37E /* Message.swift */; };
		4DDBE7A419A4A24B007EF37E /* BytesTests.swift in Sources */ = {isa = PBXBuildFile; fileRef = 4DDBE7A219A4A1E1007EF37E /* BytesTests.swift */; };
		4DDBE7A619A4A364007EF37E /* Bytes.swift in Sources */ = {isa = PBXBuildFile; fileRef = 4DDBE7A519A4A364007EF37E /* Bytes.swift */; };
/* End PBXBuildFile section */

/* Begin PBXContainerItemProxy section */
		4DDBE7A019A49D16007EF37E /* PBXContainerItemProxy */ = {
			isa = PBXContainerItemProxy;
			containerPortal = 4DDBE77A19A48FBB007EF37E /* Project object */;
			proxyType = 1;
			remoteGlobalIDString = 4DDBE78219A48FBB007EF37E;
			remoteInfo = syncthing;
		};
/* End PBXContainerItemProxy section */

/* Begin PBXFileReference section */
		3306C0DB1C34157F0AD1EC92 /* XdrWriter.swift */ = {isa = PBXFileReference; fileEncoding = 4; lastKnownFileType = sourcecode.swift; path = XdrWriter.swift; sourceTree = "<group>"; };
		3306C243AA523A9A3F0DCF62 /* Close.swift */ = {isa = PBXFileReference; fileEncoding = 4; lastKnownFileType = sourcecode.swift; path = Close.swift; sourceTree = "<group>"; };
		3306C4008C43A3F9EAE8625E /* XdrWriterTests.swift */ = {isa = PBXFileReference; fileEncoding = 4; lastKnownFileType = sourcecode.swift; path = XdrWriterTests.swift; sourceTree = "<group>"; };
		3306C5481565F07B30DC376E /* CloseTests.swift */ = {isa = PBXFileReference; fileEncoding = 4; lastKnownFileType = sourcecode.swift; path = CloseTests.swift; sourceTree = "<group>"; };
		3306CB2C0EFF095B40F152D3 /* Utf8.swift */ = {isa = PBXFileReference; fileEncoding = 4; lastKnownFileType = sourcecode.swift; path = Utf8.swift; sourceTree = "<group>"; };
		4D0ECB0919DF27AE00405E0A /* syncthing-bridging-header.h */ = {isa = PBXFileReference; lastKnownFileType = sourcecode.c.h; path = "syncthing-bridging-header.h"; sourceTree = "<group>"; };
		4D1B316E19DC7E080003ED3C /* PingTests.swift */ = {isa = PBXFileReference; fileEncoding = 4; lastKnownFileType = sourcecode.swift; path = PingTests.swift; sourceTree = "<group>"; };
		4D1B317019DC7F180003ED3C /* Ping.swift */ = {isa = PBXFileReference; fileEncoding = 4; lastKnownFileType = sourcecode.swift; path = Ping.swift; sourceTree = "<group>"; };
		4D1B317219DC85430003ED3C /* PongTests.swift */ = {isa = PBXFileReference; fileEncoding = 4; lastKnownFileType = sourcecode.swift; path = PongTests.swift; sourceTree = "<group>"; };
		4D1B317419DC85840003ED3C /* Pong.swift */ = {isa = PBXFileReference; fileEncoding = 4; lastKnownFileType = sourcecode.swift; path = Pong.swift; sourceTree = "<group>"; };
		4D321D8D19A52620006971D7 /* LICENSE */ = {isa = PBXFileReference; fileEncoding = 4; lastKnownFileType = text; path = LICENSE; sourceTree = "<group>"; };
		4D321D8E19A52620006971D7 /* lz4.c */ = {isa = PBXFileReference; fileEncoding = 4; lastKnownFileType = sourcecode.c.c; path = lz4.c; sourceTree = "<group>"; };
		4D321D8F19A52620006971D7 /* lz4.h */ = {isa = PBXFileReference; fileEncoding = 4; lastKnownFileType = sourcecode.c.h; path = lz4.h; sourceTree = "<group>"; };
		4D321D9219A52620006971D7 /* lz4hc.c */ = {isa = PBXFileReference; fileEncoding = 4; lastKnownFileType = sourcecode.c.c; path = lz4hc.c; sourceTree = "<group>"; };
		4D321D9319A52620006971D7 /* lz4hc.h */ = {isa = PBXFileReference; fileEncoding = 4; lastKnownFileType = sourcecode.c.h; path = lz4hc.h; sourceTree = "<group>"; };
		4D321DC619A52F99006971D7 /* LZ4Compression.swift */ = {isa = PBXFileReference; fileEncoding = 4; lastKnownFileType = sourcecode.swift; path = LZ4Compression.swift; sourceTree = "<group>"; };
		4D321DC819A61E86006971D7 /* LZ4CompressionTests.swift */ = {isa = PBXFileReference; fileEncoding = 4; lastKnownFileType = sourcecode.swift; path = LZ4CompressionTests.swift; sourceTree = "<group>"; };
		4DDBE78319A48FBB007EF37E /* syncthing.framework */ = {isa = PBXFileReference; explicitFileType = wrapper.framework; includeInIndex = 0; path = syncthing.framework; sourceTree = BUILT_PRODUCTS_DIR; };
		4DDBE78719A48FBB007EF37E /* Info.plist */ = {isa = PBXFileReference; lastKnownFileType = text.plist.xml; path = Info.plist; sourceTree = "<group>"; };
		4DDBE78819A48FBB007EF37E /* syncthing-swift.h */ = {isa = PBXFileReference; lastKnownFileType = sourcecode.c.h; path = "syncthing-swift.h"; sourceTree = "<group>"; };
		4DDBE78E19A48FBB007EF37E /* syncthingTests.xctest */ = {isa = PBXFileReference; explicitFileType = wrapper.cfbundle; includeInIndex = 0; path = syncthingTests.xctest; sourceTree = BUILT_PRODUCTS_DIR; };
		4DDBE79119A48FBB007EF37E /* Info.plist */ = {isa = PBXFileReference; lastKnownFileType = text.plist.xml; path = Info.plist; sourceTree = "<group>"; };
		4DDBE79C19A497C8007EF37E /* MessageTests.swift */ = {isa = PBXFileReference; fileEncoding = 4; lastKnownFileType = sourcecode.swift; path = MessageTests.swift; sourceTree = "<group>"; };
		4DDBE79E19A49906007EF37E /* Message.swift */ = {isa = PBXFileReference; fileEncoding = 4; lastKnownFileType = sourcecode.swift; path = Message.swift; sourceTree = "<group>"; };
		4DDBE7A219A4A1E1007EF37E /* BytesTests.swift */ = {isa = PBXFileReference; fileEncoding = 4; lastKnownFileType = sourcecode.swift; path = BytesTests.swift; sourceTree = "<group>"; };
		4DDBE7A519A4A364007EF37E /* Bytes.swift */ = {isa = PBXFileReference; fileEncoding = 4; lastKnownFileType = sourcecode.swift; path = Bytes.swift; sourceTree = "<group>"; };
/* End PBXFileReference section */

/* Begin PBXFrameworksBuildPhase section */
		4DDBE77F19A48FBB007EF37E /* Frameworks */ = {
			isa = PBXFrameworksBuildPhase;
			buildActionMask = 2147483647;
			files = (
			);
			runOnlyForDeploymentPostprocessing = 0;
		};
		4DDBE78B19A48FBB007EF37E /* Frameworks */ = {
			isa = PBXFrameworksBuildPhase;
			buildActionMask = 2147483647;
			files = (
			);
			runOnlyForDeploymentPostprocessing = 0;
		};
/* End PBXFrameworksBuildPhase section */

/* Begin PBXGroup section */
		4D321D8719A52620006971D7 /* lz4 */ = {
			isa = PBXGroup;
			children = (
				4D321D8D19A52620006971D7 /* LICENSE */,
				4D321D8E19A52620006971D7 /* lz4.c */,
				4D321D8F19A52620006971D7 /* lz4.h */,
				4D321D9219A52620006971D7 /* lz4hc.c */,
				4D321D9319A52620006971D7 /* lz4hc.h */,
			);
			path = lz4;
			sourceTree = "<group>";
		};
		4DDBE77919A48FBB007EF37E = {
			isa = PBXGroup;
			children = (
				4DDBE78519A48FBB007EF37E /* syncthing-swift */,
				4DDBE78F19A48FBB007EF37E /* syncthing-swiftTests */,
				4D321D8719A52620006971D7 /* lz4 */,
				4DDBE78419A48FBB007EF37E /* Products */,
			);
			sourceTree = "<group>";
		};
		4DDBE78419A48FBB007EF37E /* Products */ = {
			isa = PBXGroup;
			children = (
				4DDBE78319A48FBB007EF37E /* syncthing.framework */,
				4DDBE78E19A48FBB007EF37E /* syncthingTests.xctest */,
			);
			name = Products;
			sourceTree = "<group>";
		};
		4DDBE78519A48FBB007EF37E /* syncthing-swift */ = {
			isa = PBXGroup;
			children = (
				4DDBE78819A48FBB007EF37E /* syncthing-swift.h */,
				4D0ECB0919DF27AE00405E0A /* syncthing-bridging-header.h */,
				4DDBE78619A48FBB007EF37E /* Supporting Files */,
				4DDBE79E19A49906007EF37E /* Message.swift */,
				4DDBE7A519A4A364007EF37E /* Bytes.swift */,
				4D321DC619A52F99006971D7 /* LZ4Compression.swift */,
				4D1B317019DC7F180003ED3C /* Ping.swift */,
				4D1B317419DC85840003ED3C /* Pong.swift */,
				3306C243AA523A9A3F0DCF62 /* Close.swift */,
				3306C0DB1C34157F0AD1EC92 /* XdrWriter.swift */,
				3306CB2C0EFF095B40F152D3 /* Utf8.swift */,
			);
			path = "syncthing-swift";
			sourceTree = "<group>";
		};
		4DDBE78619A48FBB007EF37E /* Supporting Files */ = {
			isa = PBXGroup;
			children = (
				4DDBE78719A48FBB007EF37E /* Info.plist */,
			);
			name = "Supporting Files";
			sourceTree = "<group>";
		};
		4DDBE78F19A48FBB007EF37E /* syncthing-swiftTests */ = {
			isa = PBXGroup;
			children = (
				4DDBE79019A48FBB007EF37E /* Supporting Files */,
				4DDBE79C19A497C8007EF37E /* MessageTests.swift */,
				4DDBE7A219A4A1E1007EF37E /* BytesTests.swift */,
				4D321DC819A61E86006971D7 /* LZ4CompressionTests.swift */,
				4D1B316E19DC7E080003ED3C /* PingTests.swift */,
				4D1B317219DC85430003ED3C /* PongTests.swift */,
				3306C5481565F07B30DC376E /* CloseTests.swift */,
				3306C4008C43A3F9EAE8625E /* XdrWriterTests.swift */,
			);
			path = "syncthing-swiftTests";
			sourceTree = "<group>";
		};
		4DDBE79019A48FBB007EF37E /* Supporting Files */ = {
			isa = PBXGroup;
			children = (
				4DDBE79119A48FBB007EF37E /* Info.plist */,
			);
			name = "Supporting Files";
			sourceTree = "<group>";
		};
/* End PBXGroup section */

/* Begin PBXHeadersBuildPhase section */
		4DDBE78019A48FBB007EF37E /* Headers */ = {
			isa = PBXHeadersBuildPhase;
			buildActionMask = 2147483647;
			files = (
				4D321DB119A52620006971D7 /* lz4hc.h in Headers */,
				4DDBE78919A48FBB007EF37E /* syncthing-swift.h in Headers */,
				4D321DAD19A52620006971D7 /* lz4.h in Headers */,
			);
			runOnlyForDeploymentPostprocessing = 0;
		};
/* End PBXHeadersBuildPhase section */

/* Begin PBXNativeTarget section */
		4DDBE78219A48FBB007EF37E /* syncthing */ = {
			isa = PBXNativeTarget;
			buildConfigurationList = 4DDBE79619A48FBB007EF37E /* Build configuration list for PBXNativeTarget "syncthing" */;
			buildPhases = (
				4DDBE77E19A48FBB007EF37E /* Sources */,
				4DDBE77F19A48FBB007EF37E /* Frameworks */,
				4DDBE78019A48FBB007EF37E /* Headers */,
				4DDBE78119A48FBB007EF37E /* Resources */,
			);
			buildRules = (
			);
			dependencies = (
			);
			name = syncthing;
			productName = "syncthing-swift";
			productReference = 4DDBE78319A48FBB007EF37E /* syncthing.framework */;
			productType = "com.apple.product-type.framework";
		};
		4DDBE78D19A48FBB007EF37E /* syncthingTests */ = {
			isa = PBXNativeTarget;
			buildConfigurationList = 4DDBE79919A48FBB007EF37E /* Build configuration list for PBXNativeTarget "syncthingTests" */;
			buildPhases = (
				4DDBE78A19A48FBB007EF37E /* Sources */,
				4DDBE78B19A48FBB007EF37E /* Frameworks */,
				4DDBE78C19A48FBB007EF37E /* Resources */,
			);
			buildRules = (
			);
			dependencies = (
				4DDBE7A119A49D16007EF37E /* PBXTargetDependency */,
			);
			name = syncthingTests;
			productName = "syncthing-swiftTests";
			productReference = 4DDBE78E19A48FBB007EF37E /* syncthingTests.xctest */;
			productType = "com.apple.product-type.bundle.unit-test";
		};
/* End PBXNativeTarget section */

/* Begin PBXProject section */
		4DDBE77A19A48FBB007EF37E /* Project object */ = {
			isa = PBXProject;
			attributes = {
				LastUpgradeCheck = 0600;
				TargetAttributes = {
					4DDBE78219A48FBB007EF37E = {
						CreatedOnToolsVersion = 6.0;
					};
					4DDBE78D19A48FBB007EF37E = {
						CreatedOnToolsVersion = 6.0;
					};
				};
			};
			buildConfigurationList = 4DDBE77D19A48FBB007EF37E /* Build configuration list for PBXProject "syncthing-swift" */;
			compatibilityVersion = "Xcode 3.2";
			developmentRegion = English;
			hasScannedForEncodings = 0;
			knownRegions = (
				en,
			);
			mainGroup = 4DDBE77919A48FBB007EF37E;
			productRefGroup = 4DDBE78419A48FBB007EF37E /* Products */;
			projectDirPath = "";
			projectRoot = "";
			targets = (
				4DDBE78219A48FBB007EF37E /* syncthing */,
				4DDBE78D19A48FBB007EF37E /* syncthingTests */,
			);
		};
/* End PBXProject section */

/* Begin PBXResourcesBuildPhase section */
		4DDBE78119A48FBB007EF37E /* Resources */ = {
			isa = PBXResourcesBuildPhase;
			buildActionMask = 2147483647;
			files = (
				4D321DAB19A52620006971D7 /* LICENSE in Resources */,
			);
			runOnlyForDeploymentPostprocessing = 0;
		};
		4DDBE78C19A48FBB007EF37E /* Resources */ = {
			isa = PBXResourcesBuildPhase;
			buildActionMask = 2147483647;
			files = (
			);
			runOnlyForDeploymentPostprocessing = 0;
		};
/* End PBXResourcesBuildPhase section */

/* Begin PBXSourcesBuildPhase section */
		4DDBE77E19A48FBB007EF37E /* Sources */ = {
			isa = PBXSourcesBuildPhase;
			buildActionMask = 2147483647;
			files = (
				4D1B317519DC85840003ED3C /* Pong.swift in Sources */,
				4D321DAC19A52620006971D7 /* lz4.c in Sources */,
				4D321DB019A52620006971D7 /* lz4hc.c in Sources */,
				4DDBE79F19A49906007EF37E /* Message.swift in Sources */,
				4D1B317119DC7F180003ED3C /* Ping.swift in Sources */,
				4DDBE7A619A4A364007EF37E /* Bytes.swift in Sources */,
				4D321DC719A52F99006971D7 /* LZ4Compression.swift in Sources */,
				3306CA968FF588FC19034469 /* Close.swift in Sources */,
				3306C35D562DD7745E256086 /* XdrWriter.swift in Sources */,
				3306CE9C21FEDA043C39B254 /* Utf8.swift in Sources */,
			);
			runOnlyForDeploymentPostprocessing = 0;
		};
		4DDBE78A19A48FBB007EF37E /* Sources */ = {
			isa = PBXSourcesBuildPhase;
			buildActionMask = 2147483647;
			files = (
				4DDBE79D19A497C8007EF37E /* MessageTests.swift in Sources */,
				4D321DC919A61E86006971D7 /* LZ4CompressionTests.swift in Sources */,
				4DDBE7A419A4A24B007EF37E /* BytesTests.swift in Sources */,
				4D1B316F19DC7E080003ED3C /* PingTests.swift in Sources */,
				4D1B317319DC85430003ED3C /* PongTests.swift in Sources */,
				3306C08C372967856ED3BB33 /* CloseTests.swift in Sources */,
				3306CC2511FC88C40CEB859A /* XdrWriterTests.swift in Sources */,
			);
			runOnlyForDeploymentPostprocessing = 0;
		};
/* End PBXSourcesBuildPhase section */

/* Begin PBXTargetDependency section */
		4DDBE7A119A49D16007EF37E /* PBXTargetDependency */ = {
			isa = PBXTargetDependency;
			target = 4DDBE78219A48FBB007EF37E /* syncthing */;
			targetProxy = 4DDBE7A019A49D16007EF37E /* PBXContainerItemProxy */;
		};
/* End PBXTargetDependency section */

/* Begin XCBuildConfiguration section */
		4DDBE79419A48FBB007EF37E /* Debug */ = {
			isa = XCBuildConfiguration;
			buildSettings = {
				ALWAYS_SEARCH_USER_PATHS = NO;
				CLANG_CXX_LANGUAGE_STANDARD = "gnu++0x";
				CLANG_CXX_LIBRARY = "libc++";
				CLANG_ENABLE_MODULES = YES;
				CLANG_ENABLE_OBJC_ARC = YES;
				CLANG_WARN_BOOL_CONVERSION = YES;
				CLANG_WARN_CONSTANT_CONVERSION = YES;
				CLANG_WARN_DIRECT_OBJC_ISA_USAGE = YES_ERROR;
				CLANG_WARN_EMPTY_BODY = YES;
				CLANG_WARN_ENUM_CONVERSION = YES;
				CLANG_WARN_INT_CONVERSION = YES;
				CLANG_WARN_OBJC_ROOT_CLASS = YES_ERROR;
				CLANG_WARN_UNREACHABLE_CODE = YES;
				CLANG_WARN__DUPLICATE_METHOD_MATCH = YES;
				"CODE_SIGN_IDENTITY[sdk=iphoneos*]" = "iPhone Developer";
				COPY_PHASE_STRIP = NO;
				CURRENT_PROJECT_VERSION = 1;
				ENABLE_STRICT_OBJC_MSGSEND = YES;
				GCC_C_LANGUAGE_STANDARD = gnu99;
				GCC_DYNAMIC_NO_PIC = NO;
				GCC_OPTIMIZATION_LEVEL = 0;
				GCC_PREPROCESSOR_DEFINITIONS = (
					"DEBUG=1",
					"$(inherited)",
				);
				GCC_SYMBOLS_PRIVATE_EXTERN = NO;
				GCC_WARN_64_TO_32_BIT_CONVERSION = YES;
				GCC_WARN_ABOUT_RETURN_TYPE = YES_ERROR;
				GCC_WARN_UNDECLARED_SELECTOR = YES;
				GCC_WARN_UNINITIALIZED_AUTOS = YES_AGGRESSIVE;
				GCC_WARN_UNUSED_FUNCTION = YES;
				GCC_WARN_UNUSED_VARIABLE = YES;
				IPHONEOS_DEPLOYMENT_TARGET = 8.0;
				MTL_ENABLE_DEBUG_INFO = YES;
				ONLY_ACTIVE_ARCH = YES;
				SDKROOT = iphoneos;
				SWIFT_OPTIMIZATION_LEVEL = "-Onone";
				TARGETED_DEVICE_FAMILY = "1,2";
				VERSIONING_SYSTEM = "apple-generic";
				VERSION_INFO_PREFIX = "";
			};
			name = Debug;
		};
		4DDBE79519A48FBB007EF37E /* Release */ = {
			isa = XCBuildConfiguration;
			buildSettings = {
				ALWAYS_SEARCH_USER_PATHS = NO;
				CLANG_CXX_LANGUAGE_STANDARD = "gnu++0x";
				CLANG_CXX_LIBRARY = "libc++";
				CLANG_ENABLE_MODULES = YES;
				CLANG_ENABLE_OBJC_ARC = YES;
				CLANG_WARN_BOOL_CONVERSION = YES;
				CLANG_WARN_CONSTANT_CONVERSION = YES;
				CLANG_WARN_DIRECT_OBJC_ISA_USAGE = YES_ERROR;
				CLANG_WARN_EMPTY_BODY = YES;
				CLANG_WARN_ENUM_CONVERSION = YES;
				CLANG_WARN_INT_CONVERSION = YES;
				CLANG_WARN_OBJC_ROOT_CLASS = YES_ERROR;
				CLANG_WARN_UNREACHABLE_CODE = YES;
				CLANG_WARN__DUPLICATE_METHOD_MATCH = YES;
				"CODE_SIGN_IDENTITY[sdk=iphoneos*]" = "iPhone Developer";
				COPY_PHASE_STRIP = YES;
				CURRENT_PROJECT_VERSION = 1;
				ENABLE_NS_ASSERTIONS = NO;
				ENABLE_STRICT_OBJC_MSGSEND = YES;
				GCC_C_LANGUAGE_STANDARD = gnu99;
				GCC_WARN_64_TO_32_BIT_CONVERSION = YES;
				GCC_WARN_ABOUT_RETURN_TYPE = YES_ERROR;
				GCC_WARN_UNDECLARED_SELECTOR = YES;
				GCC_WARN_UNINITIALIZED_AUTOS = YES_AGGRESSIVE;
				GCC_WARN_UNUSED_FUNCTION = YES;
				GCC_WARN_UNUSED_VARIABLE = YES;
				IPHONEOS_DEPLOYMENT_TARGET = 8.0;
				MTL_ENABLE_DEBUG_INFO = NO;
				SDKROOT = iphoneos;
				TARGETED_DEVICE_FAMILY = "1,2";
				VALIDATE_PRODUCT = YES;
				VERSIONING_SYSTEM = "apple-generic";
				VERSION_INFO_PREFIX = "";
			};
			name = Release;
		};
		4DDBE79719A48FBB007EF37E /* Debug */ = {
			isa = XCBuildConfiguration;
			buildSettings = {
				CLANG_ENABLE_MODULES = YES;
				DEFINES_MODULE = YES;
				DYLIB_COMPATIBILITY_VERSION = 1;
				DYLIB_CURRENT_VERSION = 1;
				DYLIB_INSTALL_NAME_BASE = "@rpath";
				INFOPLIST_FILE = "syncthing-swift/Info.plist";
				INSTALL_PATH = "$(LOCAL_LIBRARY_DIR)/Frameworks";
				LD_RUNPATH_SEARCH_PATHS = "$(inherited) @executable_path/Frameworks @loader_path/Frameworks";
				PRODUCT_NAME = "$(TARGET_NAME)";
				SKIP_INSTALL = YES;
				SWIFT_OBJC_BRIDGING_HEADER = "syncthing-swift/syncthing-bridging-header.h";
				SWIFT_OPTIMIZATION_LEVEL = "-Onone";
			};
			name = Debug;
		};
		4DDBE79819A48FBB007EF37E /* Release */ = {
			isa = XCBuildConfiguration;
			buildSettings = {
				CLANG_ENABLE_MODULES = YES;
				DEFINES_MODULE = YES;
				DYLIB_COMPATIBILITY_VERSION = 1;
				DYLIB_CURRENT_VERSION = 1;
				DYLIB_INSTALL_NAME_BASE = "@rpath";
				INFOPLIST_FILE = "syncthing-swift/Info.plist";
				INSTALL_PATH = "$(LOCAL_LIBRARY_DIR)/Frameworks";
				LD_RUNPATH_SEARCH_PATHS = "$(inherited) @executable_path/Frameworks @loader_path/Frameworks";
				PRODUCT_NAME = "$(TARGET_NAME)";
				SKIP_INSTALL = YES;
				SWIFT_OBJC_BRIDGING_HEADER = "syncthing-swift/syncthing-bridging-header.h";
			};
			name = Release;
		};
		4DDBE79A19A48FBB007EF37E /* Debug */ = {
			isa = XCBuildConfiguration;
			buildSettings = {
				FRAMEWORK_SEARCH_PATHS = (
					"$(SDKROOT)/Developer/Library/Frameworks",
					"$(inherited)",
				);
				GCC_PREPROCESSOR_DEFINITIONS = (
					"DEBUG=1",
					"$(inherited)",
				);
				INFOPLIST_FILE = "syncthing-swiftTests/Info.plist";
				LD_RUNPATH_SEARCH_PATHS = "$(inherited) @executable_path/Frameworks @loader_path/Frameworks";
				PRODUCT_NAME = "$(TARGET_NAME)";
			};
			name = Debug;
		};
		4DDBE79B19A48FBB007EF37E /* Release */ = {
			isa = XCBuildConfiguration;
			buildSettings = {
				FRAMEWORK_SEARCH_PATHS = (
					"$(SDKROOT)/Developer/Library/Frameworks",
					"$(inherited)",
				);
				INFOPLIST_FILE = "syncthing-swiftTests/Info.plist";
				LD_RUNPATH_SEARCH_PATHS = "$(inherited) @executable_path/Frameworks @loader_path/Frameworks";
				PRODUCT_NAME = "$(TARGET_NAME)";
			};
			name = Release;
		};
/* End XCBuildConfiguration section */

/* Begin XCConfigurationList section */
		4DDBE77D19A48FBB007EF37E /* Build configuration list for PBXProject "syncthing-swift" */ = {
			isa = XCConfigurationList;
			buildConfigurations = (
				4DDBE79419A48FBB007EF37E /* Debug */,
				4DDBE79519A48FBB007EF37E /* Release */,
			);
			defaultConfigurationIsVisible = 0;
			defaultConfigurationName = Release;
		};
		4DDBE79619A48FBB007EF37E /* Build configuration list for PBXNativeTarget "syncthing" */ = {
			isa = XCConfigurationList;
			buildConfigurations = (
				4DDBE79719A48FBB007EF37E /* Debug */,
				4DDBE79819A48FBB007EF37E /* Release */,
			);
			defaultConfigurationIsVisible = 0;
			defaultConfigurationName = Release;
		};
		4DDBE79919A48FBB007EF37E /* Build configuration list for PBXNativeTarget "syncthingTests" */ = {
			isa = XCConfigurationList;
			buildConfigurations = (
				4DDBE79A19A48FBB007EF37E /* Debug */,
				4DDBE79B19A48FBB007EF37E /* Release */,
			);
			defaultConfigurationIsVisible = 0;
			defaultConfigurationName = Release;
		};
/* End XCConfigurationList section */
	};
	rootObject = 4DDBE77A19A48FBB007EF37E /* Project object */;
}
