// !$*UTF8*$!
{
	archiveVersion = 1;
	classes = {
	};
	objectVersion = 46;
	objects = {

/* Begin PBXBuildFile section */
		20C257EDED6C4FA59A389CAD /* libPods.a in Frameworks */ = {isa = PBXBuildFile; fileRef = FC0D962A00CF4D71D726FFF2 /* libPods.a */; };
		4D11A2C719EACC33002C6861 /* Folder.swift in Sources */ = {isa = PBXBuildFile; fileRef = 4D11A2C619EACC33002C6861 /* Folder.swift */; };
		4D11A2C919EACC5A002C6861 /* FolderTests.swift in Sources */ = {isa = PBXBuildFile; fileRef = 4D11A2C819EACC5A002C6861 /* FolderTests.swift */; };
		4D213DE419F6F7FB005DAE61 /* IndexTests.swift in Sources */ = {isa = PBXBuildFile; fileRef = 4D213DE319F6F7FB005DAE61 /* IndexTests.swift */; };
		4D213DE619F6F863005DAE61 /* Index.swift in Sources */ = {isa = PBXBuildFile; fileRef = 4D213DE519F6F863005DAE61 /* Index.swift */; };
		4D213DE819F6FEAD005DAE61 /* BlockInfoTests.swift in Sources */ = {isa = PBXBuildFile; fileRef = 4D213DE719F6FEAD005DAE61 /* BlockInfoTests.swift */; };
		4D213DEA19F70334005DAE61 /* BlockInfo.swift in Sources */ = {isa = PBXBuildFile; fileRef = 4D213DE919F70334005DAE61 /* BlockInfo.swift */; };
		4D6A476B19E860CF005D7C23 /* XdrReader.swift in Sources */ = {isa = PBXBuildFile; fileRef = 4D6A475A19E860CF005D7C23 /* XdrReader.swift */; };
		4D6A476C19E860CF005D7C23 /* XdrWriter.swift in Sources */ = {isa = PBXBuildFile; fileRef = 4D6A475B19E860CF005D7C23 /* XdrWriter.swift */; };
		4D6A476D19E860CF005D7C23 /* Close.swift in Sources */ = {isa = PBXBuildFile; fileRef = 4D6A475D19E860CF005D7C23 /* Close.swift */; };
		4D6A476F19E860CF005D7C23 /* Message.swift in Sources */ = {isa = PBXBuildFile; fileRef = 4D6A475F19E860CF005D7C23 /* Message.swift */; };
		4D6A477019E860CF005D7C23 /* Ping.swift in Sources */ = {isa = PBXBuildFile; fileRef = 4D6A476019E860CF005D7C23 /* Ping.swift */; };
		4D6A477219E860CF005D7C23 /* Request.swift in Sources */ = {isa = PBXBuildFile; fileRef = 4D6A476219E860CF005D7C23 /* Request.swift */; };
		4D6A477319E860CF005D7C23 /* Response.swift in Sources */ = {isa = PBXBuildFile; fileRef = 4D6A476319E860CF005D7C23 /* Response.swift */; };
		4D6A477519E860CF005D7C23 /* pulse-bridging-header.h in Headers */ = {isa = PBXBuildFile; fileRef = 4D6A476519E860CF005D7C23 /* pulse-bridging-header.h */; };
		4D6A477619E860CF005D7C23 /* pulse-swift.h in Headers */ = {isa = PBXBuildFile; fileRef = 4D6A476619E860CF005D7C23 /* pulse-swift.h */; };
		4D6A478819E860E4005D7C23 /* BytesTests.swift in Sources */ = {isa = PBXBuildFile; fileRef = 4D6A477A19E860E4005D7C23 /* BytesTests.swift */; };
		4D6A478919E860E4005D7C23 /* LZ4CompressionTests.swift in Sources */ = {isa = PBXBuildFile; fileRef = 4D6A477B19E860E4005D7C23 /* LZ4CompressionTests.swift */; };
		4D6A478A19E860E4005D7C23 /* XdrReaderTests.swift in Sources */ = {isa = PBXBuildFile; fileRef = 4D6A477C19E860E4005D7C23 /* XdrReaderTests.swift */; };
		4D6A478B19E860E4005D7C23 /* XdrTests.swift in Sources */ = {isa = PBXBuildFile; fileRef = 4D6A477D19E860E4005D7C23 /* XdrTests.swift */; };
		4D6A478C19E860E4005D7C23 /* XdrWriterTests.swift in Sources */ = {isa = PBXBuildFile; fileRef = 4D6A477E19E860E4005D7C23 /* XdrWriterTests.swift */; };
		4D6A478D19E860E4005D7C23 /* CloseTests.swift in Sources */ = {isa = PBXBuildFile; fileRef = 4D6A478019E860E4005D7C23 /* CloseTests.swift */; };
		4D6A478F19E860E4005D7C23 /* MessageTests.swift in Sources */ = {isa = PBXBuildFile; fileRef = 4D6A478219E860E4005D7C23 /* MessageTests.swift */; };
		4D6A479019E860E4005D7C23 /* PingTests.swift in Sources */ = {isa = PBXBuildFile; fileRef = 4D6A478319E860E4005D7C23 /* PingTests.swift */; };
		4D6A479219E860E4005D7C23 /* RequestTests.swift in Sources */ = {isa = PBXBuildFile; fileRef = 4D6A478519E860E4005D7C23 /* RequestTests.swift */; };
		4D6A479319E860E4005D7C23 /* ResponseTests.swift in Sources */ = {isa = PBXBuildFile; fileRef = 4D6A478619E860E4005D7C23 /* ResponseTests.swift */; };
		4D6A479919E86877005D7C23 /* Pong.swift in Sources */ = {isa = PBXBuildFile; fileRef = 4D6A476119E860CF005D7C23 /* Pong.swift */; };
		4D6A479F19E868AD005D7C23 /* Bytes.swift in Sources */ = {isa = PBXBuildFile; fileRef = 4D6A479B19E868AD005D7C23 /* Bytes.swift */; };
		4D6A47A019E868AD005D7C23 /* LZ4Compression.swift in Sources */ = {isa = PBXBuildFile; fileRef = 4D6A479C19E868AD005D7C23 /* LZ4Compression.swift */; };
		4D6A47A119E868AD005D7C23 /* Utf8.swift in Sources */ = {isa = PBXBuildFile; fileRef = 4D6A479D19E868AD005D7C23 /* Utf8.swift */; };
		4D6A47A219E868AD005D7C23 /* Xdr.swift in Sources */ = {isa = PBXBuildFile; fileRef = 4D6A479E19E868AD005D7C23 /* Xdr.swift */; };
		4D6A47A619E8696F005D7C23 /* Device.swift in Sources */ = {isa = PBXBuildFile; fileRef = 4D6A47A519E8696F005D7C23 /* Device.swift */; };
		4D6A47A719E86975005D7C23 /* DeviceTests.swift in Sources */ = {isa = PBXBuildFile; fileRef = 4D6A47A319E86969005D7C23 /* DeviceTests.swift */; };
		4D6A47A919E869D6005D7C23 /* PongTests.swift in Sources */ = {isa = PBXBuildFile; fileRef = 4D6A478419E860E4005D7C23 /* PongTests.swift */; };
		4D8EFD291A02C73C00CB7E63 /* ConnectionTests.swift in Sources */ = {isa = PBXBuildFile; fileRef = 4D8EFD281A02C73C00CB7E63 /* ConnectionTests.swift */; };
		4D8EFD2B1A02DA2700CB7E63 /* Connection.swift in Sources */ = {isa = PBXBuildFile; fileRef = 4D8EFD2A1A02DA2700CB7E63 /* Connection.swift */; };
		4D90356819F70C1D009C9A34 /* FileInfoTests.swift in Sources */ = {isa = PBXBuildFile; fileRef = 4D90356719F70C1D009C9A34 /* FileInfoTests.swift */; };
		4D90356A19F70CE8009C9A34 /* FileInfo.swift in Sources */ = {isa = PBXBuildFile; fileRef = 4D90356919F70CE8009C9A34 /* FileInfo.swift */; };
		4D90356C19F918FF009C9A34 /* IndexUpdateTests.swift in Sources */ = {isa = PBXBuildFile; fileRef = 4D90356B19F918FF009C9A34 /* IndexUpdateTests.swift */; };
		4D90356E19F91965009C9A34 /* IndexUpdate.swift in Sources */ = {isa = PBXBuildFile; fileRef = 4D90356D19F91965009C9A34 /* IndexUpdate.swift */; };
		4D9D5A5919F532030058D1B8 /* OptionsTests.swift in Sources */ = {isa = PBXBuildFile; fileRef = 4D9D5A5819F532030058D1B8 /* OptionsTests.swift */; };
		4D9D5A5B19F533F70058D1B8 /* Options.swift in Sources */ = {isa = PBXBuildFile; fileRef = 4D9D5A5A19F533F70058D1B8 /* Options.swift */; };
		4D9D5A5D19F53AD50058D1B8 /* ClusterConfigTests.swift in Sources */ = {isa = PBXBuildFile; fileRef = 4D9D5A5C19F53AD50058D1B8 /* ClusterConfigTests.swift */; };
		4D9D5A5F19F53BAD0058D1B8 /* ClusterConfig.swift in Sources */ = {isa = PBXBuildFile; fileRef = 4D9D5A5E19F53BAD0058D1B8 /* ClusterConfig.swift */; };
		BDF7A1C1A55FD3BEDE985719 /* libPods.a in Frameworks */ = {isa = PBXBuildFile; fileRef = FC0D962A00CF4D71D726FFF2 /* libPods.a */; };
		C01644E92235CC75E1DC21DE /* LuhnTests.swift in Sources */ = {isa = PBXBuildFile; fileRef = C016480CFB38B8CBBCE2400E /* LuhnTests.swift */; };
		C0164743E7E3BB454303EFBA /* DeviceId.swift in Sources */ = {isa = PBXBuildFile; fileRef = C0164712178CC12D4D75B3D5 /* DeviceId.swift */; };
		C0164D6ABE78E52CCF2CF1BF /* Enums.swift in Sources */ = {isa = PBXBuildFile; fileRef = C0164DEA67658D40B51246C0 /* Enums.swift */; };
		C0164D76FAA209A4FE5BD2A9 /* Luhn.swift in Sources */ = {isa = PBXBuildFile; fileRef = C0164CA3D78AB4A53A03E2CD /* Luhn.swift */; };
		C0164F5E221B47F73749AD02 /* DeviceIdTests.swift in Sources */ = {isa = PBXBuildFile; fileRef = C016425BED1B3F815C02095E /* DeviceIdTests.swift */; };
/* End PBXBuildFile section */

/* Begin PBXContainerItemProxy section */
		4DDBE7A019A49D16007EF37E /* PBXContainerItemProxy */ = {
			isa = PBXContainerItemProxy;
			containerPortal = 4DDBE77A19A48FBB007EF37E /* Project object */;
			proxyType = 1;
			remoteGlobalIDString = 4DDBE78219A48FBB007EF37E;
			remoteInfo = pulse;
		};
/* End PBXContainerItemProxy section */

/* Begin PBXFileReference section */
		4D11A2C619EACC33002C6861 /* Folder.swift */ = {isa = PBXFileReference; fileEncoding = 4; lastKnownFileType = sourcecode.swift; path = Folder.swift; sourceTree = "<group>"; };
		4D11A2C819EACC5A002C6861 /* FolderTests.swift */ = {isa = PBXFileReference; fileEncoding = 4; lastKnownFileType = sourcecode.swift; path = FolderTests.swift; sourceTree = "<group>"; };
		4D213DE319F6F7FB005DAE61 /* IndexTests.swift */ = {isa = PBXFileReference; fileEncoding = 4; lastKnownFileType = sourcecode.swift; path = IndexTests.swift; sourceTree = "<group>"; };
		4D213DE519F6F863005DAE61 /* Index.swift */ = {isa = PBXFileReference; fileEncoding = 4; lastKnownFileType = sourcecode.swift; path = Index.swift; sourceTree = "<group>"; };
		4D213DE719F6FEAD005DAE61 /* BlockInfoTests.swift */ = {isa = PBXFileReference; fileEncoding = 4; lastKnownFileType = sourcecode.swift; path = BlockInfoTests.swift; sourceTree = "<group>"; };
		4D213DE919F70334005DAE61 /* BlockInfo.swift */ = {isa = PBXFileReference; fileEncoding = 4; lastKnownFileType = sourcecode.swift; path = BlockInfo.swift; sourceTree = "<group>"; };
		4D6A475A19E860CF005D7C23 /* XdrReader.swift */ = {isa = PBXFileReference; fileEncoding = 4; lastKnownFileType = sourcecode.swift; path = XdrReader.swift; sourceTree = "<group>"; };
		4D6A475B19E860CF005D7C23 /* XdrWriter.swift */ = {isa = PBXFileReference; fileEncoding = 4; lastKnownFileType = sourcecode.swift; path = XdrWriter.swift; sourceTree = "<group>"; };
		4D6A475D19E860CF005D7C23 /* Close.swift */ = {isa = PBXFileReference; fileEncoding = 4; lastKnownFileType = sourcecode.swift; path = Close.swift; sourceTree = "<group>"; };
		4D6A475F19E860CF005D7C23 /* Message.swift */ = {isa = PBXFileReference; fileEncoding = 4; lastKnownFileType = sourcecode.swift; path = Message.swift; sourceTree = "<group>"; };
		4D6A476019E860CF005D7C23 /* Ping.swift */ = {isa = PBXFileReference; fileEncoding = 4; lastKnownFileType = sourcecode.swift; path = Ping.swift; sourceTree = "<group>"; };
		4D6A476119E860CF005D7C23 /* Pong.swift */ = {isa = PBXFileReference; fileEncoding = 4; lastKnownFileType = sourcecode.swift; path = Pong.swift; sourceTree = "<group>"; };
		4D6A476219E860CF005D7C23 /* Request.swift */ = {isa = PBXFileReference; fileEncoding = 4; lastKnownFileType = sourcecode.swift; path = Request.swift; sourceTree = "<group>"; };
		4D6A476319E860CF005D7C23 /* Response.swift */ = {isa = PBXFileReference; fileEncoding = 4; lastKnownFileType = sourcecode.swift; path = Response.swift; sourceTree = "<group>"; };
		4D6A476419E860CF005D7C23 /* Info.plist */ = {isa = PBXFileReference; fileEncoding = 4; lastKnownFileType = text.plist.xml; path = Info.plist; sourceTree = "<group>"; };
		4D6A476519E860CF005D7C23 /* pulse-bridging-header.h */ = {isa = PBXFileReference; fileEncoding = 4; lastKnownFileType = sourcecode.c.h; path = "pulse-bridging-header.h"; sourceTree = "<group>"; };
		4D6A476619E860CF005D7C23 /* pulse-swift.h */ = {isa = PBXFileReference; fileEncoding = 4; lastKnownFileType = sourcecode.c.h; path = "pulse-swift.h"; sourceTree = "<group>"; };
		4D6A477A19E860E4005D7C23 /* BytesTests.swift */ = {isa = PBXFileReference; fileEncoding = 4; lastKnownFileType = sourcecode.swift; path = BytesTests.swift; sourceTree = "<group>"; };
		4D6A477B19E860E4005D7C23 /* LZ4CompressionTests.swift */ = {isa = PBXFileReference; fileEncoding = 4; lastKnownFileType = sourcecode.swift; path = LZ4CompressionTests.swift; sourceTree = "<group>"; };
		4D6A477C19E860E4005D7C23 /* XdrReaderTests.swift */ = {isa = PBXFileReference; fileEncoding = 4; lastKnownFileType = sourcecode.swift; path = XdrReaderTests.swift; sourceTree = "<group>"; };
		4D6A477D19E860E4005D7C23 /* XdrTests.swift */ = {isa = PBXFileReference; fileEncoding = 4; lastKnownFileType = sourcecode.swift; path = XdrTests.swift; sourceTree = "<group>"; };
		4D6A477E19E860E4005D7C23 /* XdrWriterTests.swift */ = {isa = PBXFileReference; fileEncoding = 4; lastKnownFileType = sourcecode.swift; path = XdrWriterTests.swift; sourceTree = "<group>"; };
		4D6A478019E860E4005D7C23 /* CloseTests.swift */ = {isa = PBXFileReference; fileEncoding = 4; lastKnownFileType = sourcecode.swift; path = CloseTests.swift; sourceTree = "<group>"; };
		4D6A478219E860E4005D7C23 /* MessageTests.swift */ = {isa = PBXFileReference; fileEncoding = 4; lastKnownFileType = sourcecode.swift; path = MessageTests.swift; sourceTree = "<group>"; };
		4D6A478319E860E4005D7C23 /* PingTests.swift */ = {isa = PBXFileReference; fileEncoding = 4; lastKnownFileType = sourcecode.swift; path = PingTests.swift; sourceTree = "<group>"; };
		4D6A478419E860E4005D7C23 /* PongTests.swift */ = {isa = PBXFileReference; fileEncoding = 4; lastKnownFileType = sourcecode.swift; path = PongTests.swift; sourceTree = "<group>"; };
		4D6A478519E860E4005D7C23 /* RequestTests.swift */ = {isa = PBXFileReference; fileEncoding = 4; lastKnownFileType = sourcecode.swift; path = RequestTests.swift; sourceTree = "<group>"; };
		4D6A478619E860E4005D7C23 /* ResponseTests.swift */ = {isa = PBXFileReference; fileEncoding = 4; lastKnownFileType = sourcecode.swift; path = ResponseTests.swift; sourceTree = "<group>"; };
		4D6A478719E860E4005D7C23 /* Info.plist */ = {isa = PBXFileReference; fileEncoding = 4; lastKnownFileType = text.plist.xml; path = Info.plist; sourceTree = "<group>"; };
		4D6A479B19E868AD005D7C23 /* Bytes.swift */ = {isa = PBXFileReference; fileEncoding = 4; lastKnownFileType = sourcecode.swift; path = Bytes.swift; sourceTree = "<group>"; };
		4D6A479C19E868AD005D7C23 /* LZ4Compression.swift */ = {isa = PBXFileReference; fileEncoding = 4; lastKnownFileType = sourcecode.swift; path = LZ4Compression.swift; sourceTree = "<group>"; };
		4D6A479D19E868AD005D7C23 /* Utf8.swift */ = {isa = PBXFileReference; fileEncoding = 4; lastKnownFileType = sourcecode.swift; path = Utf8.swift; sourceTree = "<group>"; };
		4D6A479E19E868AD005D7C23 /* Xdr.swift */ = {isa = PBXFileReference; fileEncoding = 4; lastKnownFileType = sourcecode.swift; path = Xdr.swift; sourceTree = "<group>"; };
		4D6A47A319E86969005D7C23 /* DeviceTests.swift */ = {isa = PBXFileReference; fileEncoding = 4; lastKnownFileType = sourcecode.swift; path = DeviceTests.swift; sourceTree = "<group>"; };
		4D6A47A519E8696F005D7C23 /* Device.swift */ = {isa = PBXFileReference; fileEncoding = 4; lastKnownFileType = sourcecode.swift; path = Device.swift; sourceTree = "<group>"; };
		4D8EFD281A02C73C00CB7E63 /* ConnectionTests.swift */ = {isa = PBXFileReference; fileEncoding = 4; lastKnownFileType = sourcecode.swift; path = ConnectionTests.swift; sourceTree = "<group>"; };
		4D8EFD2A1A02DA2700CB7E63 /* Connection.swift */ = {isa = PBXFileReference; fileEncoding = 4; lastKnownFileType = sourcecode.swift; path = Connection.swift; sourceTree = "<group>"; };
		4D90356719F70C1D009C9A34 /* FileInfoTests.swift */ = {isa = PBXFileReference; fileEncoding = 4; lastKnownFileType = sourcecode.swift; path = FileInfoTests.swift; sourceTree = "<group>"; };
		4D90356919F70CE8009C9A34 /* FileInfo.swift */ = {isa = PBXFileReference; fileEncoding = 4; lastKnownFileType = sourcecode.swift; path = FileInfo.swift; sourceTree = "<group>"; };
		4D90356B19F918FF009C9A34 /* IndexUpdateTests.swift */ = {isa = PBXFileReference; fileEncoding = 4; lastKnownFileType = sourcecode.swift; path = IndexUpdateTests.swift; sourceTree = "<group>"; };
		4D90356D19F91965009C9A34 /* IndexUpdate.swift */ = {isa = PBXFileReference; fileEncoding = 4; lastKnownFileType = sourcecode.swift; path = IndexUpdate.swift; sourceTree = "<group>"; };
		4D9D5A5819F532030058D1B8 /* OptionsTests.swift */ = {isa = PBXFileReference; fileEncoding = 4; lastKnownFileType = sourcecode.swift; path = OptionsTests.swift; sourceTree = "<group>"; };
		4D9D5A5A19F533F70058D1B8 /* Options.swift */ = {isa = PBXFileReference; fileEncoding = 4; lastKnownFileType = sourcecode.swift; path = Options.swift; sourceTree = "<group>"; };
		4D9D5A5C19F53AD50058D1B8 /* ClusterConfigTests.swift */ = {isa = PBXFileReference; fileEncoding = 4; lastKnownFileType = sourcecode.swift; path = ClusterConfigTests.swift; sourceTree = "<group>"; };
		4D9D5A5E19F53BAD0058D1B8 /* ClusterConfig.swift */ = {isa = PBXFileReference; fileEncoding = 4; lastKnownFileType = sourcecode.swift; path = ClusterConfig.swift; sourceTree = "<group>"; };
		4DDBE78319A48FBB007EF37E /* pulse.framework */ = {isa = PBXFileReference; explicitFileType = wrapper.framework; includeInIndex = 0; path = pulse.framework; sourceTree = BUILT_PRODUCTS_DIR; };
		4DDBE78E19A48FBB007EF37E /* pulseTests.xctest */ = {isa = PBXFileReference; explicitFileType = wrapper.cfbundle; includeInIndex = 0; path = pulseTests.xctest; sourceTree = BUILT_PRODUCTS_DIR; };
		C016425BED1B3F815C02095E /* DeviceIdTests.swift */ = {isa = PBXFileReference; fileEncoding = 4; lastKnownFileType = sourcecode.swift; path = DeviceIdTests.swift; sourceTree = "<group>"; };
		C0164712178CC12D4D75B3D5 /* DeviceId.swift */ = {isa = PBXFileReference; fileEncoding = 4; lastKnownFileType = sourcecode.swift; path = DeviceId.swift; sourceTree = "<group>"; };
		C016480CFB38B8CBBCE2400E /* LuhnTests.swift */ = {isa = PBXFileReference; fileEncoding = 4; lastKnownFileType = sourcecode.swift; path = LuhnTests.swift; sourceTree = "<group>"; };
		C0164CA3D78AB4A53A03E2CD /* Luhn.swift */ = {isa = PBXFileReference; fileEncoding = 4; lastKnownFileType = sourcecode.swift; path = Luhn.swift; sourceTree = "<group>"; };
		C0164DEA67658D40B51246C0 /* Enums.swift */ = {isa = PBXFileReference; fileEncoding = 4; lastKnownFileType = sourcecode.swift; path = Enums.swift; sourceTree = "<group>"; };
		D3B93AAE95FF201365BA3D31 /* Pods.debug.xcconfig */ = {isa = PBXFileReference; includeInIndex = 1; lastKnownFileType = text.xcconfig; name = Pods.debug.xcconfig; path = "Pods/Target Support Files/Pods/Pods.debug.xcconfig"; sourceTree = "<group>"; };
		EF0E6CFDBEE938F9C7054DC5 /* Pods.release.xcconfig */ = {isa = PBXFileReference; includeInIndex = 1; lastKnownFileType = text.xcconfig; name = Pods.release.xcconfig; path = "Pods/Target Support Files/Pods/Pods.release.xcconfig"; sourceTree = "<group>"; };
		FC0D962A00CF4D71D726FFF2 /* libPods.a */ = {isa = PBXFileReference; explicitFileType = archive.ar; includeInIndex = 0; path = libPods.a; sourceTree = BUILT_PRODUCTS_DIR; };
/* End PBXFileReference section */

/* Begin PBXFrameworksBuildPhase section */
		4DDBE77F19A48FBB007EF37E /* Frameworks */ = {
			isa = PBXFrameworksBuildPhase;
			buildActionMask = 2147483647;
			files = (
				20C257EDED6C4FA59A389CAD /* libPods.a in Frameworks */,
			);
			runOnlyForDeploymentPostprocessing = 0;
		};
		4DDBE78B19A48FBB007EF37E /* Frameworks */ = {
			isa = PBXFrameworksBuildPhase;
			buildActionMask = 2147483647;
			files = (
				BDF7A1C1A55FD3BEDE985719 /* libPods.a in Frameworks */,
			);
			runOnlyForDeploymentPostprocessing = 0;
		};
/* End PBXFrameworksBuildPhase section */

/* Begin PBXGroup section */
		4D6A475319E860CF005D7C23 /* pulse-swift */ = {
			isa = PBXGroup;
			children = (
				4D6A475419E860CF005D7C23 /* bep */,
				4D6A476419E860CF005D7C23 /* Info.plist */,
				4D6A476519E860CF005D7C23 /* pulse-bridging-header.h */,
				4D6A476619E860CF005D7C23 /* pulse-swift.h */,
				4D8EFD2A1A02DA2700CB7E63 /* Connection.swift */,
				C0164E9691517B24225C6C67 /* util */,
				C0164712178CC12D4D75B3D5 /* DeviceId.swift */,
			);
			path = "pulse-swift";
			sourceTree = "<group>";
		};
		4D6A475419E860CF005D7C23 /* bep */ = {
			isa = PBXGroup;
			children = (
				4D6A475519E860CF005D7C23 /* util */,
				4D6A475C19E860CF005D7C23 /* v1 */,
			);
			path = bep;
			sourceTree = "<group>";
		};
		4D6A475519E860CF005D7C23 /* util */ = {
			isa = PBXGroup;
			children = (
				4D6A479B19E868AD005D7C23 /* Bytes.swift */,
				4D6A479C19E868AD005D7C23 /* LZ4Compression.swift */,
				4D6A479D19E868AD005D7C23 /* Utf8.swift */,
				4D6A479E19E868AD005D7C23 /* Xdr.swift */,
				4D6A475A19E860CF005D7C23 /* XdrReader.swift */,
				4D6A475B19E860CF005D7C23 /* XdrWriter.swift */,
			);
			path = util;
			sourceTree = "<group>";
		};
		4D6A475C19E860CF005D7C23 /* v1 */ = {
			isa = PBXGroup;
			children = (
				4D6A475D19E860CF005D7C23 /* Close.swift */,
				4D6A47A519E8696F005D7C23 /* Device.swift */,
				4D11A2C619EACC33002C6861 /* Folder.swift */,
				4D6A475F19E860CF005D7C23 /* Message.swift */,
				4D6A476019E860CF005D7C23 /* Ping.swift */,
				4D6A476119E860CF005D7C23 /* Pong.swift */,
				4D6A476219E860CF005D7C23 /* Request.swift */,
				4D6A476319E860CF005D7C23 /* Response.swift */,
				4D9D5A5A19F533F70058D1B8 /* Options.swift */,
				4D9D5A5E19F53BAD0058D1B8 /* ClusterConfig.swift */,
				4D213DE519F6F863005DAE61 /* Index.swift */,
				4D213DE919F70334005DAE61 /* BlockInfo.swift */,
				4D90356919F70CE8009C9A34 /* FileInfo.swift */,
				4D90356D19F91965009C9A34 /* IndexUpdate.swift */,
			);
			path = v1;
			sourceTree = "<group>";
		};
		4D6A477719E860E4005D7C23 /* pulse-swiftTests */ = {
			isa = PBXGroup;
			children = (
				4D6A477819E860E4005D7C23 /* bep */,
				4D6A478719E860E4005D7C23 /* Info.plist */,
				4D8EFD281A02C73C00CB7E63 /* ConnectionTests.swift */,
				C016425BED1B3F815C02095E /* DeviceIdTests.swift */,
				C01645DF6C8B6ED2980D9A6D /* util */,
			);
			path = "pulse-swiftTests";
			sourceTree = SOURCE_ROOT;
		};
		4D6A477819E860E4005D7C23 /* bep */ = {
			isa = PBXGroup;
			children = (
				4D6A477919E860E4005D7C23 /* util */,
				4D6A477F19E860E4005D7C23 /* v1 */,
			);
			path = bep;
			sourceTree = "<group>";
		};
		4D6A477919E860E4005D7C23 /* util */ = {
			isa = PBXGroup;
			children = (
				4D6A477A19E860E4005D7C23 /* BytesTests.swift */,
				4D6A477B19E860E4005D7C23 /* LZ4CompressionTests.swift */,
				4D6A477C19E860E4005D7C23 /* XdrReaderTests.swift */,
				4D6A477D19E860E4005D7C23 /* XdrTests.swift */,
				4D6A477E19E860E4005D7C23 /* XdrWriterTests.swift */,
			);
			path = util;
			sourceTree = "<group>";
		};
		4D6A477F19E860E4005D7C23 /* v1 */ = {
			isa = PBXGroup;
			children = (
				4D6A478019E860E4005D7C23 /* CloseTests.swift */,
				4D6A47A319E86969005D7C23 /* DeviceTests.swift */,
				4D11A2C819EACC5A002C6861 /* FolderTests.swift */,
				4D6A478219E860E4005D7C23 /* MessageTests.swift */,
				4D6A478319E860E4005D7C23 /* PingTests.swift */,
				4D6A478419E860E4005D7C23 /* PongTests.swift */,
				4D6A478519E860E4005D7C23 /* RequestTests.swift */,
				4D6A478619E860E4005D7C23 /* ResponseTests.swift */,
				4D9D5A5819F532030058D1B8 /* OptionsTests.swift */,
				4D9D5A5C19F53AD50058D1B8 /* ClusterConfigTests.swift */,
				4D213DE319F6F7FB005DAE61 /* IndexTests.swift */,
				4D213DE719F6FEAD005DAE61 /* BlockInfoTests.swift */,
				4D90356719F70C1D009C9A34 /* FileInfoTests.swift */,
				4D90356B19F918FF009C9A34 /* IndexUpdateTests.swift */,
			);
			path = v1;
			sourceTree = "<group>";
		};
		4DDBE77919A48FBB007EF37E = {
			isa = PBXGroup;
			children = (
				4D6A475319E860CF005D7C23 /* pulse-swift */,
				4D6A477719E860E4005D7C23 /* pulse-swiftTests */,
				4DDBE78419A48FBB007EF37E /* Products */,
				9E0300D395712A78BD8FDF49 /* Pods */,
				D96AEA376F37C2FDD7674128 /* Frameworks */,
			);
			sourceTree = "<group>";
		};
		4DDBE78419A48FBB007EF37E /* Products */ = {
			isa = PBXGroup;
			children = (
				4DDBE78319A48FBB007EF37E /* pulse.framework */,
				4DDBE78E19A48FBB007EF37E /* pulseTests.xctest */,
			);
			name = Products;
			sourceTree = "<group>";
		};
		9E0300D395712A78BD8FDF49 /* Pods */ = {
			isa = PBXGroup;
			children = (
				D3B93AAE95FF201365BA3D31 /* Pods.debug.xcconfig */,
				EF0E6CFDBEE938F9C7054DC5 /* Pods.release.xcconfig */,
			);
			name = Pods;
			sourceTree = "<group>";
		};
		C01645DF6C8B6ED2980D9A6D /* util */ = {
			isa = PBXGroup;
			children = (
				C016480CFB38B8CBBCE2400E /* LuhnTests.swift */,
			);
			path = util;
			sourceTree = "<group>";
		};
		C0164E9691517B24225C6C67 /* util */ = {
			isa = PBXGroup;
			children = (
				C0164DEA67658D40B51246C0 /* Enums.swift */,
				C0164CA3D78AB4A53A03E2CD /* Luhn.swift */,
			);
			path = util;
			sourceTree = "<group>";
		};
		D96AEA376F37C2FDD7674128 /* Frameworks */ = {
			isa = PBXGroup;
			children = (
				FC0D962A00CF4D71D726FFF2 /* libPods.a */,
			);
			name = Frameworks;
			sourceTree = "<group>";
		};
/* End PBXGroup section */

/* Begin PBXHeadersBuildPhase section */
		4DDBE78019A48FBB007EF37E /* Headers */ = {
			isa = PBXHeadersBuildPhase;
			buildActionMask = 2147483647;
			files = (
				4D6A477619E860CF005D7C23 /* pulse-swift.h in Headers */,
				4D6A477519E860CF005D7C23 /* pulse-bridging-header.h in Headers */,
			);
			runOnlyForDeploymentPostprocessing = 0;
		};
/* End PBXHeadersBuildPhase section */

/* Begin PBXNativeTarget section */
		4DDBE78219A48FBB007EF37E /* pulse */ = {
			isa = PBXNativeTarget;
			buildConfigurationList = 4DDBE79619A48FBB007EF37E /* Build configuration list for PBXNativeTarget "pulse" */;
			buildPhases = (
				357723C5B6C568B7FAA0377F /* Check Pods Manifest.lock */,
				4DDBE77E19A48FBB007EF37E /* Sources */,
				4DDBE77F19A48FBB007EF37E /* Frameworks */,
				4DDBE78019A48FBB007EF37E /* Headers */,
				4DDBE78119A48FBB007EF37E /* Resources */,
				BFAAE1371584D2CD3FFB0633 /* Copy Pods Resources */,
			);
			buildRules = (
			);
			dependencies = (
			);
			name = pulse;
			productName = "pulse-swift";
			productReference = 4DDBE78319A48FBB007EF37E /* pulse.framework */;
			productType = "com.apple.product-type.framework";
		};
		4DDBE78D19A48FBB007EF37E /* pulseTests */ = {
			isa = PBXNativeTarget;
			buildConfigurationList = 4DDBE79919A48FBB007EF37E /* Build configuration list for PBXNativeTarget "pulseTests" */;
			buildPhases = (
				42DA01AC5F43A2F009F5A133 /* Check Pods Manifest.lock */,
				4DDBE78A19A48FBB007EF37E /* Sources */,
				4DDBE78B19A48FBB007EF37E /* Frameworks */,
				4DDBE78C19A48FBB007EF37E /* Resources */,
				9D99079941C016EC3107AE47 /* Copy Pods Resources */,
			);
			buildRules = (
			);
			dependencies = (
				4DDBE7A119A49D16007EF37E /* PBXTargetDependency */,
			);
			name = pulseTests;
			productName = "pulse-swiftTests";
			productReference = 4DDBE78E19A48FBB007EF37E /* pulseTests.xctest */;
			productType = "com.apple.product-type.bundle.unit-test";
		};
/* End PBXNativeTarget section */

/* Begin PBXProject section */
		4DDBE77A19A48FBB007EF37E /* Project object */ = {
			isa = PBXProject;
			attributes = {
				LastUpgradeCheck = 0600;
				TargetAttributes = {
					4DDBE78219A48FBB007EF37E = {
						CreatedOnToolsVersion = 6.0;
					};
					4DDBE78D19A48FBB007EF37E = {
						CreatedOnToolsVersion = 6.0;
					};
				};
			};
			buildConfigurationList = 4DDBE77D19A48FBB007EF37E /* Build configuration list for PBXProject "pulse-swift" */;
			compatibilityVersion = "Xcode 3.2";
			developmentRegion = English;
			hasScannedForEncodings = 0;
			knownRegions = (
				en,
			);
			mainGroup = 4DDBE77919A48FBB007EF37E;
			productRefGroup = 4DDBE78419A48FBB007EF37E /* Products */;
			projectDirPath = "";
			projectRoot = "";
			targets = (
				4DDBE78219A48FBB007EF37E /* pulse */,
				4DDBE78D19A48FBB007EF37E /* pulseTests */,
			);
		};
/* End PBXProject section */

/* Begin PBXResourcesBuildPhase section */
		4DDBE78119A48FBB007EF37E /* Resources */ = {
			isa = PBXResourcesBuildPhase;
			buildActionMask = 2147483647;
			files = (
			);
			runOnlyForDeploymentPostprocessing = 0;
		};
		4DDBE78C19A48FBB007EF37E /* Resources */ = {
			isa = PBXResourcesBuildPhase;
			buildActionMask = 2147483647;
			files = (
			);
			runOnlyForDeploymentPostprocessing = 0;
		};
/* End PBXResourcesBuildPhase section */

/* Begin PBXShellScriptBuildPhase section */
		357723C5B6C568B7FAA0377F /* Check Pods Manifest.lock */ = {
			isa = PBXShellScriptBuildPhase;
			buildActionMask = 2147483647;
			files = (
			);
			inputPaths = (
			);
			name = "Check Pods Manifest.lock";
			outputPaths = (
			);
			runOnlyForDeploymentPostprocessing = 0;
			shellPath = /bin/sh;
			shellScript = "diff \"${PODS_ROOT}/../Podfile.lock\" \"${PODS_ROOT}/Manifest.lock\" > /dev/null\nif [[ $? != 0 ]] ; then\n    cat << EOM\nerror: The sandbox is not in sync with the Podfile.lock. Run 'pod install' or update your CocoaPods installation.\nEOM\n    exit 1\nfi\n";
			showEnvVarsInLog = 0;
		};
		42DA01AC5F43A2F009F5A133 /* Check Pods Manifest.lock */ = {
			isa = PBXShellScriptBuildPhase;
			buildActionMask = 2147483647;
			files = (
			);
			inputPaths = (
			);
			name = "Check Pods Manifest.lock";
			outputPaths = (
			);
			runOnlyForDeploymentPostprocessing = 0;
			shellPath = /bin/sh;
			shellScript = "diff \"${PODS_ROOT}/../Podfile.lock\" \"${PODS_ROOT}/Manifest.lock\" > /dev/null\nif [[ $? != 0 ]] ; then\n    cat << EOM\nerror: The sandbox is not in sync with the Podfile.lock. Run 'pod install' or update your CocoaPods installation.\nEOM\n    exit 1\nfi\n";
			showEnvVarsInLog = 0;
		};
		9D99079941C016EC3107AE47 /* Copy Pods Resources */ = {
			isa = PBXShellScriptBuildPhase;
			buildActionMask = 2147483647;
			files = (
			);
			inputPaths = (
			);
			name = "Copy Pods Resources";
			outputPaths = (
			);
			runOnlyForDeploymentPostprocessing = 0;
			shellPath = /bin/sh;
			shellScript = "\"${SRCROOT}/Pods/Target Support Files/Pods/Pods-resources.sh\"\n";
			showEnvVarsInLog = 0;
		};
		BFAAE1371584D2CD3FFB0633 /* Copy Pods Resources */ = {
			isa = PBXShellScriptBuildPhase;
			buildActionMask = 2147483647;
			files = (
			);
			inputPaths = (
			);
			name = "Copy Pods Resources";
			outputPaths = (
			);
			runOnlyForDeploymentPostprocessing = 0;
			shellPath = /bin/sh;
			shellScript = "\"${SRCROOT}/Pods/Target Support Files/Pods/Pods-resources.sh\"\n";
			showEnvVarsInLog = 0;
		};
/* End PBXShellScriptBuildPhase section */

/* Begin PBXSourcesBuildPhase section */
		4DDBE77E19A48FBB007EF37E /* Sources */ = {
			isa = PBXSourcesBuildPhase;
			buildActionMask = 2147483647;
			files = (
				4D6A476B19E860CF005D7C23 /* XdrReader.swift in Sources */,
				4D6A47A219E868AD005D7C23 /* Xdr.swift in Sources */,
				4D90356E19F91965009C9A34 /* IndexUpdate.swift in Sources */,
				4D90356A19F70CE8009C9A34 /* FileInfo.swift in Sources */,
				4D11A2C719EACC33002C6861 /* Folder.swift in Sources */,
				4D9D5A5B19F533F70058D1B8 /* Options.swift in Sources */,
				4D6A479F19E868AD005D7C23 /* Bytes.swift in Sources */,
				4D6A477019E860CF005D7C23 /* Ping.swift in Sources */,
				4D6A47A119E868AD005D7C23 /* Utf8.swift in Sources */,
				4D6A479919E86877005D7C23 /* Pong.swift in Sources */,
				4D6A47A619E8696F005D7C23 /* Device.swift in Sources */,
				4D6A477319E860CF005D7C23 /* Response.swift in Sources */,
				4D6A476C19E860CF005D7C23 /* XdrWriter.swift in Sources */,
				4D8EFD2B1A02DA2700CB7E63 /* Connection.swift in Sources */,
				4D6A476F19E860CF005D7C23 /* Message.swift in Sources */,
				4D9D5A5F19F53BAD0058D1B8 /* ClusterConfig.swift in Sources */,
				4D6A476D19E860CF005D7C23 /* Close.swift in Sources */,
				4D213DE619F6F863005DAE61 /* Index.swift in Sources */,
				4D213DEA19F70334005DAE61 /* BlockInfo.swift in Sources */,
				4D6A477219E860CF005D7C23 /* Request.swift in Sources */,
				4D6A47A019E868AD005D7C23 /* LZ4Compression.swift in Sources */,
				C0164D6ABE78E52CCF2CF1BF /* Enums.swift in Sources */,
				C0164743E7E3BB454303EFBA /* DeviceId.swift in Sources */,
				C0164D76FAA209A4FE5BD2A9 /* Luhn.swift in Sources */,
			);
			runOnlyForDeploymentPostprocessing = 0;
		};
		4DDBE78A19A48FBB007EF37E /* Sources */ = {
			isa = PBXSourcesBuildPhase;
			buildActionMask = 2147483647;
			files = (
				4D9D5A5919F532030058D1B8 /* OptionsTests.swift in Sources */,
				4D11A2C919EACC5A002C6861 /* FolderTests.swift in Sources */,
				4D9D5A5D19F53AD50058D1B8 /* ClusterConfigTests.swift in Sources */,
				4D6A478D19E860E4005D7C23 /* CloseTests.swift in Sources */,
				4D6A478819E860E4005D7C23 /* BytesTests.swift in Sources */,
				4D90356C19F918FF009C9A34 /* IndexUpdateTests.swift in Sources */,
				4D6A478A19E860E4005D7C23 /* XdrReaderTests.swift in Sources */,
				4D213DE419F6F7FB005DAE61 /* IndexTests.swift in Sources */,
				4D6A479319E860E4005D7C23 /* ResponseTests.swift in Sources */,
				4D213DE819F6FEAD005DAE61 /* BlockInfoTests.swift in Sources */,
				4D90356819F70C1D009C9A34 /* FileInfoTests.swift in Sources */,
				4D8EFD291A02C73C00CB7E63 /* ConnectionTests.swift in Sources */,
				4D6A479219E860E4005D7C23 /* RequestTests.swift in Sources */,
				4D6A479019E860E4005D7C23 /* PingTests.swift in Sources */,
				4D6A478C19E860E4005D7C23 /* XdrWriterTests.swift in Sources */,
				4D6A478F19E860E4005D7C23 /* MessageTests.swift in Sources */,
				4D6A478B19E860E4005D7C23 /* XdrTests.swift in Sources */,
				4D6A478919E860E4005D7C23 /* LZ4CompressionTests.swift in Sources */,
				4D6A47A919E869D6005D7C23 /* PongTests.swift in Sources */,
				4D6A47A719E86975005D7C23 /* DeviceTests.swift in Sources */,
				C0164F5E221B47F73749AD02 /* DeviceIdTests.swift in Sources */,
				C01644E92235CC75E1DC21DE /* LuhnTests.swift in Sources */,
			);
			runOnlyForDeploymentPostprocessing = 0;
		};
/* End PBXSourcesBuildPhase section */

/* Begin PBXTargetDependency section */
		4DDBE7A119A49D16007EF37E /* PBXTargetDependency */ = {
			isa = PBXTargetDependency;
			target = 4DDBE78219A48FBB007EF37E /* pulse */;
			targetProxy = 4DDBE7A019A49D16007EF37E /* PBXContainerItemProxy */;
		};
/* End PBXTargetDependency section */

/* Begin XCBuildConfiguration section */
		4DDBE79419A48FBB007EF37E /* Debug */ = {
			isa = XCBuildConfiguration;
			buildSettings = {
				ALWAYS_SEARCH_USER_PATHS = NO;
				CLANG_CXX_LANGUAGE_STANDARD = "gnu++0x";
				CLANG_CXX_LIBRARY = "libc++";
				CLANG_ENABLE_MODULES = YES;
				CLANG_ENABLE_OBJC_ARC = YES;
				CLANG_WARN_BOOL_CONVERSION = YES;
				CLANG_WARN_CONSTANT_CONVERSION = YES;
				CLANG_WARN_DIRECT_OBJC_ISA_USAGE = YES_ERROR;
				CLANG_WARN_EMPTY_BODY = YES;
				CLANG_WARN_ENUM_CONVERSION = YES;
				CLANG_WARN_INT_CONVERSION = YES;
				CLANG_WARN_OBJC_ROOT_CLASS = YES_ERROR;
				CLANG_WARN_UNREACHABLE_CODE = YES;
				CLANG_WARN__DUPLICATE_METHOD_MATCH = YES;
				"CODE_SIGN_IDENTITY[sdk=iphoneos*]" = "iPhone Developer";
				COPY_PHASE_STRIP = NO;
				CURRENT_PROJECT_VERSION = 1;
				ENABLE_STRICT_OBJC_MSGSEND = YES;
				GCC_C_LANGUAGE_STANDARD = gnu99;
				GCC_DYNAMIC_NO_PIC = NO;
				GCC_OPTIMIZATION_LEVEL = 0;
				GCC_PREPROCESSOR_DEFINITIONS = (
					"DEBUG=1",
					"$(inherited)",
				);
				GCC_SYMBOLS_PRIVATE_EXTERN = NO;
				GCC_WARN_64_TO_32_BIT_CONVERSION = YES;
				GCC_WARN_ABOUT_RETURN_TYPE = YES_ERROR;
				GCC_WARN_UNDECLARED_SELECTOR = YES;
				GCC_WARN_UNINITIALIZED_AUTOS = YES_AGGRESSIVE;
				GCC_WARN_UNUSED_FUNCTION = YES;
				GCC_WARN_UNUSED_VARIABLE = YES;
				IPHONEOS_DEPLOYMENT_TARGET = 8.0;
				MTL_ENABLE_DEBUG_INFO = YES;
				ONLY_ACTIVE_ARCH = YES;
				SDKROOT = iphoneos;
				SWIFT_OPTIMIZATION_LEVEL = "-Onone";
				TARGETED_DEVICE_FAMILY = "1,2";
				VERSIONING_SYSTEM = "apple-generic";
				VERSION_INFO_PREFIX = "";
			};
			name = Debug;
		};
		4DDBE79519A48FBB007EF37E /* Release */ = {
			isa = XCBuildConfiguration;
			buildSettings = {
				ALWAYS_SEARCH_USER_PATHS = NO;
				CLANG_CXX_LANGUAGE_STANDARD = "gnu++0x";
				CLANG_CXX_LIBRARY = "libc++";
				CLANG_ENABLE_MODULES = YES;
				CLANG_ENABLE_OBJC_ARC = YES;
				CLANG_WARN_BOOL_CONVERSION = YES;
				CLANG_WARN_CONSTANT_CONVERSION = YES;
				CLANG_WARN_DIRECT_OBJC_ISA_USAGE = YES_ERROR;
				CLANG_WARN_EMPTY_BODY = YES;
				CLANG_WARN_ENUM_CONVERSION = YES;
				CLANG_WARN_INT_CONVERSION = YES;
				CLANG_WARN_OBJC_ROOT_CLASS = YES_ERROR;
				CLANG_WARN_UNREACHABLE_CODE = YES;
				CLANG_WARN__DUPLICATE_METHOD_MATCH = YES;
				"CODE_SIGN_IDENTITY[sdk=iphoneos*]" = "iPhone Developer";
				COPY_PHASE_STRIP = YES;
				CURRENT_PROJECT_VERSION = 1;
				ENABLE_NS_ASSERTIONS = NO;
				ENABLE_STRICT_OBJC_MSGSEND = YES;
				GCC_C_LANGUAGE_STANDARD = gnu99;
				GCC_WARN_64_TO_32_BIT_CONVERSION = YES;
				GCC_WARN_ABOUT_RETURN_TYPE = YES_ERROR;
				GCC_WARN_UNDECLARED_SELECTOR = YES;
				GCC_WARN_UNINITIALIZED_AUTOS = YES_AGGRESSIVE;
				GCC_WARN_UNUSED_FUNCTION = YES;
				GCC_WARN_UNUSED_VARIABLE = YES;
				IPHONEOS_DEPLOYMENT_TARGET = 8.0;
				MTL_ENABLE_DEBUG_INFO = NO;
				SDKROOT = iphoneos;
				TARGETED_DEVICE_FAMILY = "1,2";
				VALIDATE_PRODUCT = YES;
				VERSIONING_SYSTEM = "apple-generic";
				VERSION_INFO_PREFIX = "";
			};
			name = Release;
		};
		4DDBE79719A48FBB007EF37E /* Debug */ = {
			isa = XCBuildConfiguration;
			baseConfigurationReference = D3B93AAE95FF201365BA3D31 /* Pods.debug.xcconfig */;
			buildSettings = {
				CLANG_ENABLE_MODULES = YES;
				DEFINES_MODULE = YES;
				DYLIB_COMPATIBILITY_VERSION = 1;
				DYLIB_CURRENT_VERSION = 1;
				DYLIB_INSTALL_NAME_BASE = "@rpath";
				INFOPLIST_FILE = "pulse-swift/Info.plist";
				INSTALL_PATH = "$(LOCAL_LIBRARY_DIR)/Frameworks";
				LD_RUNPATH_SEARCH_PATHS = "$(inherited) @executable_path/Frameworks @loader_path/Frameworks";
				PRODUCT_NAME = "$(TARGET_NAME)";
				SKIP_INSTALL = YES;
				SWIFT_OBJC_BRIDGING_HEADER = "pulse-swift/pulse-bridging-header.h";
				SWIFT_OPTIMIZATION_LEVEL = "-Onone";
			};
			name = Debug;
		};
		4DDBE79819A48FBB007EF37E /* Release */ = {
			isa = XCBuildConfiguration;
			baseConfigurationReference = EF0E6CFDBEE938F9C7054DC5 /* Pods.release.xcconfig */;
			buildSettings = {
				CLANG_ENABLE_MODULES = YES;
				DEFINES_MODULE = YES;
				DYLIB_COMPATIBILITY_VERSION = 1;
				DYLIB_CURRENT_VERSION = 1;
				DYLIB_INSTALL_NAME_BASE = "@rpath";
				INFOPLIST_FILE = "pulse-swift/Info.plist";
				INSTALL_PATH = "$(LOCAL_LIBRARY_DIR)/Frameworks";
				LD_RUNPATH_SEARCH_PATHS = "$(inherited) @executable_path/Frameworks @loader_path/Frameworks";
				PRODUCT_NAME = "$(TARGET_NAME)";
				SKIP_INSTALL = YES;
				SWIFT_OBJC_BRIDGING_HEADER = "pulse-swift/pulse-bridging-header.h";
			};
			name = Release;
		};
		4DDBE79A19A48FBB007EF37E /* Debug */ = {
			isa = XCBuildConfiguration;
			baseConfigurationReference = D3B93AAE95FF201365BA3D31 /* Pods.debug.xcconfig */;
			buildSettings = {
				FRAMEWORK_SEARCH_PATHS = (
					"$(SDKROOT)/Developer/Library/Frameworks",
					"$(inherited)",
				);
				GCC_PREPROCESSOR_DEFINITIONS = (
					"DEBUG=1",
					"$(inherited)",
				);
				INFOPLIST_FILE = "pulse-swiftTests/Info.plist";
				LD_RUNPATH_SEARCH_PATHS = "$(inherited) @executable_path/Frameworks @loader_path/Frameworks";
				PRODUCT_NAME = "$(TARGET_NAME)";
			};
			name = Debug;
		};
		4DDBE79B19A48FBB007EF37E /* Release */ = {
			isa = XCBuildConfiguration;
			baseConfigurationReference = EF0E6CFDBEE938F9C7054DC5 /* Pods.release.xcconfig */;
			buildSettings = {
				FRAMEWORK_SEARCH_PATHS = (
					"$(SDKROOT)/Developer/Library/Frameworks",
					"$(inherited)",
				);
				INFOPLIST_FILE = "pulse-swiftTests/Info.plist";
				LD_RUNPATH_SEARCH_PATHS = "$(inherited) @executable_path/Frameworks @loader_path/Frameworks";
				PRODUCT_NAME = "$(TARGET_NAME)";
			};
			name = Release;
		};
/* End XCBuildConfiguration section */

/* Begin XCConfigurationList section */
		4DDBE77D19A48FBB007EF37E /* Build configuration list for PBXProject "pulse-swift" */ = {
			isa = XCConfigurationList;
			buildConfigurations = (
				4DDBE79419A48FBB007EF37E /* Debug */,
				4DDBE79519A48FBB007EF37E /* Release */,
			);
			defaultConfigurationIsVisible = 0;
			defaultConfigurationName = Release;
		};
		4DDBE79619A48FBB007EF37E /* Build configuration list for PBXNativeTarget "pulse" */ = {
			isa = XCConfigurationList;
			buildConfigurations = (
				4DDBE79719A48FBB007EF37E /* Debug */,
				4DDBE79819A48FBB007EF37E /* Release */,
			);
			defaultConfigurationIsVisible = 0;
			defaultConfigurationName = Release;
		};
		4DDBE79919A48FBB007EF37E /* Build configuration list for PBXNativeTarget "pulseTests" */ = {
			isa = XCConfigurationList;
			buildConfigurations = (
				4DDBE79A19A48FBB007EF37E /* Debug */,
				4DDBE79B19A48FBB007EF37E /* Release */,
			);
			defaultConfigurationIsVisible = 0;
			defaultConfigurationName = Release;
		};
/* End XCConfigurationList section */
	};
	rootObject = 4DDBE77A19A48FBB007EF37E /* Project object */;
}
